
Microsoft Visual Studio Solution File, Format Version 12.00
# Visual Studio Version 17
VisualStudioVersion = 17.14.36414.22
MinimumVisualStudioVersion = 10.0.40219.1
Project("{FAE04EC0-301F-11D3-BF4B-00C04F79EFBC}") = "ReverseSignalApp", "ReverseSignalApp\ReverseSignalApp.csproj", "{CD351CC3-FFDB-4C68-9FCA-E39D64DD940B}"
EndProject
Project("{2150E333-8FDC-42A3-9474-1A3956D46DE8}") = "Solution Items", "Solution Items", "{8EC462FD-D22E-90A8-E5CE-7E832BA40C5D}"
EndProject
Project("{FAE04EC0-301F-11D3-BF4B-00C04F79EFBC}") = "ReverseSignalTest", "ReverseSignalTest\ReverseSignalTest.csproj", "{5B28C7E7-4182-485A-BAD2-0EA2AC4361FD}"
EndProject
Global
	GlobalSection(SolutionConfigurationPlatforms) = preSolution
		Debug|Any CPU = Debug|Any CPU
		Release|Any CPU = Release|Any CPU
	EndGlobalSection
	GlobalSection(ProjectConfigurationPlatforms) = postSolution
		{CD351CC3-FFDB-4C68-9FCA-E39D64DD940B}.Debug|Any CPU.ActiveCfg = Debug|Any CPU
		{CD351CC3-FFDB-4C68-9FCA-E39D64DD940B}.Debug|Any CPU.Build.0 = Debug|Any CPU
		{CD351CC3-FFDB-4C68-9FCA-E39D64DD940B}.Release|Any CPU.ActiveCfg = Release|Any CPU
		{CD351CC3-FFDB-4C68-9FCA-E39D64DD940B}.Release|Any CPU.Build.0 = Release|Any CPU
		{5B28C7E7-4182-485A-BAD2-0EA2AC4361FD}.Debug|Any CPU.ActiveCfg = Debug|Any CPU
		{5B28C7E7-4182-485A-BAD2-0EA2AC4361FD}.Debug|Any CPU.Build.0 = Debug|Any CPU
		{5B28C7E7-4182-485A-BAD2-0EA2AC4361FD}.Release|Any CPU.ActiveCfg = Release|Any CPU
		{5B28C7E7-4182-485A-BAD2-0EA2AC4361FD}.Release|Any CPU.Build.0 = Release|Any CPU
	EndGlobalSection
	GlobalSection(SolutionProperties) = preSolution
		HideSolutionNode = FALSE
	EndGlobalSection
	GlobalSection(ExtensibilityGlobals) = postSolution
		SolutionGuid = {6DD30AC5-CDEF-4716-98F9-97AF5FD7C739}
	EndGlobalSection
EndGlobal
